
Microsoft Visual Studio Solution File, Format Version 12.00
# Visual Studio 14
VisualStudioVersion = 14.0.24720.0
MinimumVisualStudioVersion = 10.0.40219.1
Project("{F2A71F9B-5D33-465A-A702-920D77279786}") = "ffrab-mobile.common", "ffrab.common\ffrab-mobile.common.fsproj", "{219C64D9-17F7-46CD-8A3C-EE9EDE15BF16}"
EndProject
Project("{F2A71F9B-5D33-465A-A702-920D77279786}") = "ffrab-mobile.droid", "ffrab.droid\ffrab-mobile.droid.fsproj", "{4417292E-65E9-4110-99EE-53ED2FB8C898}"
EndProject
Project("{F2A71F9B-5D33-465A-A702-920D77279786}") = "ffrab-mobile.apple", "ffrab.apple\ffrab-mobile.apple.fsproj", "{0B182395-E355-4D83-BABF-D1D9683285DD}"
EndProject
Project("{FAE04EC0-301F-11D3-BF4B-00C04F79EFBC}") = "ffrab-mobile.common.ui", "ffrab-mobile.common.ui\ffrab-mobile.common.ui.csproj", "{67F9D3A8-F71E-4428-913F-C37AE82CDB24}"
EndProject
Project("{F2A71F9B-5D33-465A-A702-920D77279786}") = "ffrab.test", "ffrab.test\ffrab.test.fsproj", "{690C9CAF-F991-4AC2-9347-49FF8B0B1F25}"
EndProject
Project("{FAE04EC0-301F-11D3-BF4B-00C04F79EFBC}") = "ffrab.specs", "ffrab.specs\ffrab.specs.csproj", "{1BBC03AA-EEE5-447A-BC01-D6043A17A7C8}"
EndProject
Project("{FAE04EC0-301F-11D3-BF4B-00C04F79EFBC}") = "ffrab.windows", "ffrab.windows\ffrab.windows.csproj", "{A2DC9814-9D5B-4A11-9558-603FE478973E}"
EndProject
Global
	GlobalSection(SolutionConfigurationPlatforms) = preSolution
		Ad-Hoc|Any CPU = Ad-Hoc|Any CPU
		Ad-Hoc|ARM = Ad-Hoc|ARM
		Ad-Hoc|iPhone = Ad-Hoc|iPhone
		Ad-Hoc|iPhoneSimulator = Ad-Hoc|iPhoneSimulator
		Ad-Hoc|x64 = Ad-Hoc|x64
		Ad-Hoc|x86 = Ad-Hoc|x86
		AppStore|Any CPU = AppStore|Any CPU
		AppStore|ARM = AppStore|ARM
		AppStore|iPhone = AppStore|iPhone
		AppStore|iPhoneSimulator = AppStore|iPhoneSimulator
		AppStore|x64 = AppStore|x64
		AppStore|x86 = AppStore|x86
		Debug|Any CPU = Debug|Any CPU
		Debug|ARM = Debug|ARM
		Debug|iPhone = Debug|iPhone
		Debug|iPhoneSimulator = Debug|iPhoneSimulator
		Debug|x64 = Debug|x64
		Debug|x86 = Debug|x86
		Release|Any CPU = Release|Any CPU
		Release|ARM = Release|ARM
		Release|iPhone = Release|iPhone
		Release|iPhoneSimulator = Release|iPhoneSimulator
		Release|x64 = Release|x64
		Release|x86 = Release|x86
	EndGlobalSection
	GlobalSection(ProjectConfigurationPlatforms) = postSolution
		{219C64D9-17F7-46CD-8A3C-EE9EDE15BF16}.Ad-Hoc|Any CPU.ActiveCfg = Release|Any CPU
		{219C64D9-17F7-46CD-8A3C-EE9EDE15BF16}.Ad-Hoc|Any CPU.Build.0 = Release|Any CPU
		{219C64D9-17F7-46CD-8A3C-EE9EDE15BF16}.Ad-Hoc|ARM.ActiveCfg = Debug|Any CPU
		{219C64D9-17F7-46CD-8A3C-EE9EDE15BF16}.Ad-Hoc|ARM.Build.0 = Debug|Any CPU
		{219C64D9-17F7-46CD-8A3C-EE9EDE15BF16}.Ad-Hoc|iPhone.ActiveCfg = Release|Any CPU
		{219C64D9-17F7-46CD-8A3C-EE9EDE15BF16}.Ad-Hoc|iPhone.Build.0 = Release|Any CPU
		{219C64D9-17F7-46CD-8A3C-EE9EDE15BF16}.Ad-Hoc|iPhoneSimulator.ActiveCfg = Release|Any CPU
		{219C64D9-17F7-46CD-8A3C-EE9EDE15BF16}.Ad-Hoc|iPhoneSimulator.Build.0 = Release|Any CPU
		{219C64D9-17F7-46CD-8A3C-EE9EDE15BF16}.Ad-Hoc|x64.ActiveCfg = Debug|Any CPU
		{219C64D9-17F7-46CD-8A3C-EE9EDE15BF16}.Ad-Hoc|x64.Build.0 = Debug|Any CPU
		{219C64D9-17F7-46CD-8A3C-EE9EDE15BF16}.Ad-Hoc|x86.ActiveCfg = Debug|Any CPU
		{219C64D9-17F7-46CD-8A3C-EE9EDE15BF16}.Ad-Hoc|x86.Build.0 = Debug|Any CPU
		{219C64D9-17F7-46CD-8A3C-EE9EDE15BF16}.AppStore|Any CPU.ActiveCfg = Release|Any CPU
		{219C64D9-17F7-46CD-8A3C-EE9EDE15BF16}.AppStore|Any CPU.Build.0 = Release|Any CPU
		{219C64D9-17F7-46CD-8A3C-EE9EDE15BF16}.AppStore|ARM.ActiveCfg = Debug|Any CPU
		{219C64D9-17F7-46CD-8A3C-EE9EDE15BF16}.AppStore|ARM.Build.0 = Debug|Any CPU
		{219C64D9-17F7-46CD-8A3C-EE9EDE15BF16}.AppStore|iPhone.ActiveCfg = Release|Any CPU
		{219C64D9-17F7-46CD-8A3C-EE9EDE15BF16}.AppStore|iPhone.Build.0 = Release|Any CPU
		{219C64D9-17F7-46CD-8A3C-EE9EDE15BF16}.AppStore|iPhoneSimulator.ActiveCfg = Release|Any CPU
		{219C64D9-17F7-46CD-8A3C-EE9EDE15BF16}.AppStore|iPhoneSimulator.Build.0 = Release|Any CPU
		{219C64D9-17F7-46CD-8A3C-EE9EDE15BF16}.AppStore|x64.ActiveCfg = Debug|Any CPU
		{219C64D9-17F7-46CD-8A3C-EE9EDE15BF16}.AppStore|x64.Build.0 = Debug|Any CPU
		{219C64D9-17F7-46CD-8A3C-EE9EDE15BF16}.AppStore|x86.ActiveCfg = Debug|Any CPU
		{219C64D9-17F7-46CD-8A3C-EE9EDE15BF16}.AppStore|x86.Build.0 = Debug|Any CPU
		{219C64D9-17F7-46CD-8A3C-EE9EDE15BF16}.Debug|Any CPU.ActiveCfg = Debug|Any CPU
		{219C64D9-17F7-46CD-8A3C-EE9EDE15BF16}.Debug|Any CPU.Build.0 = Debug|Any CPU
		{219C64D9-17F7-46CD-8A3C-EE9EDE15BF16}.Debug|ARM.ActiveCfg = Debug|Any CPU
		{219C64D9-17F7-46CD-8A3C-EE9EDE15BF16}.Debug|ARM.Build.0 = Debug|Any CPU
		{219C64D9-17F7-46CD-8A3C-EE9EDE15BF16}.Debug|iPhone.ActiveCfg = Debug|Any CPU
		{219C64D9-17F7-46CD-8A3C-EE9EDE15BF16}.Debug|iPhone.Build.0 = Debug|Any CPU
		{219C64D9-17F7-46CD-8A3C-EE9EDE15BF16}.Debug|iPhoneSimulator.ActiveCfg = Debug|Any CPU
		{219C64D9-17F7-46CD-8A3C-EE9EDE15BF16}.Debug|iPhoneSimulator.Build.0 = Debug|Any CPU
		{219C64D9-17F7-46CD-8A3C-EE9EDE15BF16}.Debug|x64.ActiveCfg = Debug|Any CPU
		{219C64D9-17F7-46CD-8A3C-EE9EDE15BF16}.Debug|x64.Build.0 = Debug|Any CPU
		{219C64D9-17F7-46CD-8A3C-EE9EDE15BF16}.Debug|x86.ActiveCfg = Debug|Any CPU
		{219C64D9-17F7-46CD-8A3C-EE9EDE15BF16}.Debug|x86.Build.0 = Debug|Any CPU
		{219C64D9-17F7-46CD-8A3C-EE9EDE15BF16}.Release|Any CPU.ActiveCfg = Release|Any CPU
		{219C64D9-17F7-46CD-8A3C-EE9EDE15BF16}.Release|Any CPU.Build.0 = Release|Any CPU
		{219C64D9-17F7-46CD-8A3C-EE9EDE15BF16}.Release|ARM.ActiveCfg = Release|Any CPU
		{219C64D9-17F7-46CD-8A3C-EE9EDE15BF16}.Release|ARM.Build.0 = Release|Any CPU
		{219C64D9-17F7-46CD-8A3C-EE9EDE15BF16}.Release|iPhone.ActiveCfg = Release|Any CPU
		{219C64D9-17F7-46CD-8A3C-EE9EDE15BF16}.Release|iPhone.Build.0 = Release|Any CPU
		{219C64D9-17F7-46CD-8A3C-EE9EDE15BF16}.Release|iPhoneSimulator.ActiveCfg = Release|Any CPU
		{219C64D9-17F7-46CD-8A3C-EE9EDE15BF16}.Release|iPhoneSimulator.Build.0 = Release|Any CPU
		{219C64D9-17F7-46CD-8A3C-EE9EDE15BF16}.Release|x64.ActiveCfg = Release|Any CPU
		{219C64D9-17F7-46CD-8A3C-EE9EDE15BF16}.Release|x64.Build.0 = Release|Any CPU
		{219C64D9-17F7-46CD-8A3C-EE9EDE15BF16}.Release|x86.ActiveCfg = Release|Any CPU
		{219C64D9-17F7-46CD-8A3C-EE9EDE15BF16}.Release|x86.Build.0 = Release|Any CPU
		{4417292E-65E9-4110-99EE-53ED2FB8C898}.Ad-Hoc|Any CPU.ActiveCfg = Release|Any CPU
		{4417292E-65E9-4110-99EE-53ED2FB8C898}.Ad-Hoc|Any CPU.Build.0 = Release|Any CPU
		{4417292E-65E9-4110-99EE-53ED2FB8C898}.Ad-Hoc|Any CPU.Deploy.0 = Release|Any CPU
		{4417292E-65E9-4110-99EE-53ED2FB8C898}.Ad-Hoc|ARM.ActiveCfg = Debug|Any CPU
		{4417292E-65E9-4110-99EE-53ED2FB8C898}.Ad-Hoc|ARM.Build.0 = Debug|Any CPU
		{4417292E-65E9-4110-99EE-53ED2FB8C898}.Ad-Hoc|ARM.Deploy.0 = Debug|Any CPU
		{4417292E-65E9-4110-99EE-53ED2FB8C898}.Ad-Hoc|iPhone.ActiveCfg = Release|Any CPU
		{4417292E-65E9-4110-99EE-53ED2FB8C898}.Ad-Hoc|iPhone.Build.0 = Release|Any CPU
		{4417292E-65E9-4110-99EE-53ED2FB8C898}.Ad-Hoc|iPhone.Deploy.0 = Release|Any CPU
		{4417292E-65E9-4110-99EE-53ED2FB8C898}.Ad-Hoc|iPhoneSimulator.ActiveCfg = Release|Any CPU
		{4417292E-65E9-4110-99EE-53ED2FB8C898}.Ad-Hoc|iPhoneSimulator.Build.0 = Release|Any CPU
		{4417292E-65E9-4110-99EE-53ED2FB8C898}.Ad-Hoc|iPhoneSimulator.Deploy.0 = Release|Any CPU
		{4417292E-65E9-4110-99EE-53ED2FB8C898}.Ad-Hoc|x64.ActiveCfg = Debug|Any CPU
		{4417292E-65E9-4110-99EE-53ED2FB8C898}.Ad-Hoc|x64.Build.0 = Debug|Any CPU
		{4417292E-65E9-4110-99EE-53ED2FB8C898}.Ad-Hoc|x64.Deploy.0 = Debug|Any CPU
		{4417292E-65E9-4110-99EE-53ED2FB8C898}.Ad-Hoc|x86.ActiveCfg = Debug|Any CPU
		{4417292E-65E9-4110-99EE-53ED2FB8C898}.Ad-Hoc|x86.Build.0 = Debug|Any CPU
		{4417292E-65E9-4110-99EE-53ED2FB8C898}.Ad-Hoc|x86.Deploy.0 = Debug|Any CPU
		{4417292E-65E9-4110-99EE-53ED2FB8C898}.AppStore|Any CPU.ActiveCfg = Release|Any CPU
		{4417292E-65E9-4110-99EE-53ED2FB8C898}.AppStore|Any CPU.Build.0 = Release|Any CPU
		{4417292E-65E9-4110-99EE-53ED2FB8C898}.AppStore|Any CPU.Deploy.0 = Release|Any CPU
		{4417292E-65E9-4110-99EE-53ED2FB8C898}.AppStore|ARM.ActiveCfg = Debug|Any CPU
		{4417292E-65E9-4110-99EE-53ED2FB8C898}.AppStore|ARM.Build.0 = Debug|Any CPU
		{4417292E-65E9-4110-99EE-53ED2FB8C898}.AppStore|ARM.Deploy.0 = Debug|Any CPU
		{4417292E-65E9-4110-99EE-53ED2FB8C898}.AppStore|iPhone.ActiveCfg = Release|Any CPU
		{4417292E-65E9-4110-99EE-53ED2FB8C898}.AppStore|iPhone.Build.0 = Release|Any CPU
		{4417292E-65E9-4110-99EE-53ED2FB8C898}.AppStore|iPhone.Deploy.0 = Release|Any CPU
		{4417292E-65E9-4110-99EE-53ED2FB8C898}.AppStore|iPhoneSimulator.ActiveCfg = Release|Any CPU
		{4417292E-65E9-4110-99EE-53ED2FB8C898}.AppStore|iPhoneSimulator.Build.0 = Release|Any CPU
		{4417292E-65E9-4110-99EE-53ED2FB8C898}.AppStore|iPhoneSimulator.Deploy.0 = Release|Any CPU
		{4417292E-65E9-4110-99EE-53ED2FB8C898}.AppStore|x64.ActiveCfg = Debug|Any CPU
		{4417292E-65E9-4110-99EE-53ED2FB8C898}.AppStore|x64.Build.0 = Debug|Any CPU
		{4417292E-65E9-4110-99EE-53ED2FB8C898}.AppStore|x64.Deploy.0 = Debug|Any CPU
		{4417292E-65E9-4110-99EE-53ED2FB8C898}.AppStore|x86.ActiveCfg = Debug|Any CPU
		{4417292E-65E9-4110-99EE-53ED2FB8C898}.AppStore|x86.Build.0 = Debug|Any CPU
		{4417292E-65E9-4110-99EE-53ED2FB8C898}.AppStore|x86.Deploy.0 = Debug|Any CPU
		{4417292E-65E9-4110-99EE-53ED2FB8C898}.Debug|Any CPU.ActiveCfg = Debug|Any CPU
		{4417292E-65E9-4110-99EE-53ED2FB8C898}.Debug|ARM.ActiveCfg = Debug|Any CPU
		{4417292E-65E9-4110-99EE-53ED2FB8C898}.Debug|ARM.Build.0 = Debug|Any CPU
		{4417292E-65E9-4110-99EE-53ED2FB8C898}.Debug|ARM.Deploy.0 = Debug|Any CPU
		{4417292E-65E9-4110-99EE-53ED2FB8C898}.Debug|iPhone.ActiveCfg = Debug|Any CPU
		{4417292E-65E9-4110-99EE-53ED2FB8C898}.Debug|iPhone.Build.0 = Debug|Any CPU
		{4417292E-65E9-4110-99EE-53ED2FB8C898}.Debug|iPhone.Deploy.0 = Debug|Any CPU
		{4417292E-65E9-4110-99EE-53ED2FB8C898}.Debug|iPhoneSimulator.ActiveCfg = Debug|Any CPU
		{4417292E-65E9-4110-99EE-53ED2FB8C898}.Debug|x64.ActiveCfg = Debug|Any CPU
		{4417292E-65E9-4110-99EE-53ED2FB8C898}.Debug|x64.Build.0 = Debug|Any CPU
		{4417292E-65E9-4110-99EE-53ED2FB8C898}.Debug|x64.Deploy.0 = Debug|Any CPU
		{4417292E-65E9-4110-99EE-53ED2FB8C898}.Debug|x86.ActiveCfg = Debug|Any CPU
		{4417292E-65E9-4110-99EE-53ED2FB8C898}.Release|Any CPU.ActiveCfg = Release|Any CPU
		{4417292E-65E9-4110-99EE-53ED2FB8C898}.Release|Any CPU.Build.0 = Release|Any CPU
		{4417292E-65E9-4110-99EE-53ED2FB8C898}.Release|Any CPU.Deploy.0 = Release|Any CPU
		{4417292E-65E9-4110-99EE-53ED2FB8C898}.Release|ARM.ActiveCfg = Release|Any CPU
		{4417292E-65E9-4110-99EE-53ED2FB8C898}.Release|ARM.Build.0 = Release|Any CPU
		{4417292E-65E9-4110-99EE-53ED2FB8C898}.Release|ARM.Deploy.0 = Release|Any CPU
		{4417292E-65E9-4110-99EE-53ED2FB8C898}.Release|iPhone.ActiveCfg = Release|Any CPU
		{4417292E-65E9-4110-99EE-53ED2FB8C898}.Release|iPhone.Build.0 = Release|Any CPU
		{4417292E-65E9-4110-99EE-53ED2FB8C898}.Release|iPhone.Deploy.0 = Release|Any CPU
		{4417292E-65E9-4110-99EE-53ED2FB8C898}.Release|iPhoneSimulator.ActiveCfg = Release|Any CPU
		{4417292E-65E9-4110-99EE-53ED2FB8C898}.Release|iPhoneSimulator.Build.0 = Release|Any CPU
		{4417292E-65E9-4110-99EE-53ED2FB8C898}.Release|iPhoneSimulator.Deploy.0 = Release|Any CPU
		{4417292E-65E9-4110-99EE-53ED2FB8C898}.Release|x64.ActiveCfg = Release|Any CPU
		{4417292E-65E9-4110-99EE-53ED2FB8C898}.Release|x64.Build.0 = Release|Any CPU
		{4417292E-65E9-4110-99EE-53ED2FB8C898}.Release|x64.Deploy.0 = Release|Any CPU
		{4417292E-65E9-4110-99EE-53ED2FB8C898}.Release|x86.ActiveCfg = Release|Any CPU
		{4417292E-65E9-4110-99EE-53ED2FB8C898}.Release|x86.Build.0 = Release|Any CPU
		{4417292E-65E9-4110-99EE-53ED2FB8C898}.Release|x86.Deploy.0 = Release|Any CPU
		{0B182395-E355-4D83-BABF-D1D9683285DD}.Ad-Hoc|Any CPU.ActiveCfg = Ad-Hoc|iPhone
		{0B182395-E355-4D83-BABF-D1D9683285DD}.Ad-Hoc|ARM.ActiveCfg = Ad-Hoc|iPhoneSimulator
		{0B182395-E355-4D83-BABF-D1D9683285DD}.Ad-Hoc|iPhone.ActiveCfg = Ad-Hoc|iPhone
		{0B182395-E355-4D83-BABF-D1D9683285DD}.Ad-Hoc|iPhone.Build.0 = Ad-Hoc|iPhone
		{0B182395-E355-4D83-BABF-D1D9683285DD}.Ad-Hoc|iPhoneSimulator.ActiveCfg = Ad-Hoc|iPhoneSimulator
		{0B182395-E355-4D83-BABF-D1D9683285DD}.Ad-Hoc|iPhoneSimulator.Build.0 = Ad-Hoc|iPhoneSimulator
		{0B182395-E355-4D83-BABF-D1D9683285DD}.Ad-Hoc|x64.ActiveCfg = Ad-Hoc|iPhoneSimulator
		{0B182395-E355-4D83-BABF-D1D9683285DD}.Ad-Hoc|x86.ActiveCfg = Ad-Hoc|iPhoneSimulator
		{0B182395-E355-4D83-BABF-D1D9683285DD}.AppStore|Any CPU.ActiveCfg = AppStore|iPhone
		{0B182395-E355-4D83-BABF-D1D9683285DD}.AppStore|ARM.ActiveCfg = AppStore|iPhoneSimulator
		{0B182395-E355-4D83-BABF-D1D9683285DD}.AppStore|iPhone.ActiveCfg = AppStore|iPhone
		{0B182395-E355-4D83-BABF-D1D9683285DD}.AppStore|iPhone.Build.0 = AppStore|iPhone
		{0B182395-E355-4D83-BABF-D1D9683285DD}.AppStore|iPhoneSimulator.ActiveCfg = AppStore|iPhoneSimulator
		{0B182395-E355-4D83-BABF-D1D9683285DD}.AppStore|iPhoneSimulator.Build.0 = AppStore|iPhoneSimulator
		{0B182395-E355-4D83-BABF-D1D9683285DD}.AppStore|x64.ActiveCfg = AppStore|iPhoneSimulator
		{0B182395-E355-4D83-BABF-D1D9683285DD}.AppStore|x86.ActiveCfg = AppStore|iPhoneSimulator
		{0B182395-E355-4D83-BABF-D1D9683285DD}.Debug|Any CPU.ActiveCfg = Debug|iPhoneSimulator
		{0B182395-E355-4D83-BABF-D1D9683285DD}.Debug|Any CPU.Build.0 = Debug|iPhoneSimulator
		{0B182395-E355-4D83-BABF-D1D9683285DD}.Debug|ARM.ActiveCfg = Debug|iPhoneSimulator
		{0B182395-E355-4D83-BABF-D1D9683285DD}.Debug|iPhone.ActiveCfg = Debug|iPhone
		{0B182395-E355-4D83-BABF-D1D9683285DD}.Debug|iPhone.Build.0 = Debug|iPhone
		{0B182395-E355-4D83-BABF-D1D9683285DD}.Debug|iPhoneSimulator.ActiveCfg = Debug|iPhoneSimulator
		{0B182395-E355-4D83-BABF-D1D9683285DD}.Debug|iPhoneSimulator.Build.0 = Debug|iPhoneSimulator
		{0B182395-E355-4D83-BABF-D1D9683285DD}.Debug|x64.ActiveCfg = Debug|iPhoneSimulator
		{0B182395-E355-4D83-BABF-D1D9683285DD}.Debug|x86.ActiveCfg = Debug|iPhoneSimulator
		{0B182395-E355-4D83-BABF-D1D9683285DD}.Release|Any CPU.ActiveCfg = Release|iPhone
		{0B182395-E355-4D83-BABF-D1D9683285DD}.Release|ARM.ActiveCfg = Release|iPhoneSimulator
		{0B182395-E355-4D83-BABF-D1D9683285DD}.Release|iPhone.ActiveCfg = Release|iPhone
		{0B182395-E355-4D83-BABF-D1D9683285DD}.Release|iPhone.Build.0 = Release|iPhone
		{0B182395-E355-4D83-BABF-D1D9683285DD}.Release|iPhoneSimulator.ActiveCfg = Release|iPhoneSimulator
		{0B182395-E355-4D83-BABF-D1D9683285DD}.Release|iPhoneSimulator.Build.0 = Release|iPhoneSimulator
		{0B182395-E355-4D83-BABF-D1D9683285DD}.Release|x64.ActiveCfg = Release|iPhoneSimulator
		{0B182395-E355-4D83-BABF-D1D9683285DD}.Release|x86.ActiveCfg = Release|iPhoneSimulator
		{67F9D3A8-F71E-4428-913F-C37AE82CDB24}.Ad-Hoc|Any CPU.ActiveCfg = Release|Any CPU
		{67F9D3A8-F71E-4428-913F-C37AE82CDB24}.Ad-Hoc|Any CPU.Build.0 = Release|Any CPU
		{67F9D3A8-F71E-4428-913F-C37AE82CDB24}.Ad-Hoc|ARM.ActiveCfg = Debug|Any CPU
		{67F9D3A8-F71E-4428-913F-C37AE82CDB24}.Ad-Hoc|ARM.Build.0 = Debug|Any CPU
		{67F9D3A8-F71E-4428-913F-C37AE82CDB24}.Ad-Hoc|iPhone.ActiveCfg = Release|Any CPU
		{67F9D3A8-F71E-4428-913F-C37AE82CDB24}.Ad-Hoc|iPhone.Build.0 = Release|Any CPU
		{67F9D3A8-F71E-4428-913F-C37AE82CDB24}.Ad-Hoc|iPhoneSimulator.ActiveCfg = Release|Any CPU
		{67F9D3A8-F71E-4428-913F-C37AE82CDB24}.Ad-Hoc|iPhoneSimulator.Build.0 = Release|Any CPU
		{67F9D3A8-F71E-4428-913F-C37AE82CDB24}.Ad-Hoc|x64.ActiveCfg = Debug|Any CPU
		{67F9D3A8-F71E-4428-913F-C37AE82CDB24}.Ad-Hoc|x64.Build.0 = Debug|Any CPU
		{67F9D3A8-F71E-4428-913F-C37AE82CDB24}.Ad-Hoc|x86.ActiveCfg = Debug|Any CPU
		{67F9D3A8-F71E-4428-913F-C37AE82CDB24}.Ad-Hoc|x86.Build.0 = Debug|Any CPU
		{67F9D3A8-F71E-4428-913F-C37AE82CDB24}.AppStore|Any CPU.ActiveCfg = Release|Any CPU
		{67F9D3A8-F71E-4428-913F-C37AE82CDB24}.AppStore|Any CPU.Build.0 = Release|Any CPU
		{67F9D3A8-F71E-4428-913F-C37AE82CDB24}.AppStore|ARM.ActiveCfg = Debug|Any CPU
		{67F9D3A8-F71E-4428-913F-C37AE82CDB24}.AppStore|ARM.Build.0 = Debug|Any CPU
		{67F9D3A8-F71E-4428-913F-C37AE82CDB24}.AppStore|iPhone.ActiveCfg = Release|Any CPU
		{67F9D3A8-F71E-4428-913F-C37AE82CDB24}.AppStore|iPhone.Build.0 = Release|Any CPU
		{67F9D3A8-F71E-4428-913F-C37AE82CDB24}.AppStore|iPhoneSimulator.ActiveCfg = Release|Any CPU
		{67F9D3A8-F71E-4428-913F-C37AE82CDB24}.AppStore|iPhoneSimulator.Build.0 = Release|Any CPU
		{67F9D3A8-F71E-4428-913F-C37AE82CDB24}.AppStore|x64.ActiveCfg = Debug|Any CPU
		{67F9D3A8-F71E-4428-913F-C37AE82CDB24}.AppStore|x64.Build.0 = Debug|Any CPU
		{67F9D3A8-F71E-4428-913F-C37AE82CDB24}.AppStore|x86.ActiveCfg = Debug|Any CPU
		{67F9D3A8-F71E-4428-913F-C37AE82CDB24}.AppStore|x86.Build.0 = Debug|Any CPU
		{67F9D3A8-F71E-4428-913F-C37AE82CDB24}.Debug|Any CPU.ActiveCfg = Debug|Any CPU
		{67F9D3A8-F71E-4428-913F-C37AE82CDB24}.Debug|Any CPU.Build.0 = Debug|Any CPU
		{67F9D3A8-F71E-4428-913F-C37AE82CDB24}.Debug|ARM.ActiveCfg = Debug|Any CPU
		{67F9D3A8-F71E-4428-913F-C37AE82CDB24}.Debug|ARM.Build.0 = Debug|Any CPU
		{67F9D3A8-F71E-4428-913F-C37AE82CDB24}.Debug|iPhone.ActiveCfg = Debug|Any CPU
		{67F9D3A8-F71E-4428-913F-C37AE82CDB24}.Debug|iPhone.Build.0 = Debug|Any CPU
		{67F9D3A8-F71E-4428-913F-C37AE82CDB24}.Debug|iPhoneSimulator.ActiveCfg = Debug|Any CPU
		{67F9D3A8-F71E-4428-913F-C37AE82CDB24}.Debug|iPhoneSimulator.Build.0 = Debug|Any CPU
		{67F9D3A8-F71E-4428-913F-C37AE82CDB24}.Debug|x64.ActiveCfg = Debug|Any CPU
		{67F9D3A8-F71E-4428-913F-C37AE82CDB24}.Debug|x64.Build.0 = Debug|Any CPU
		{67F9D3A8-F71E-4428-913F-C37AE82CDB24}.Debug|x86.ActiveCfg = Debug|Any CPU
		{67F9D3A8-F71E-4428-913F-C37AE82CDB24}.Debug|x86.Build.0 = Debug|Any CPU
		{67F9D3A8-F71E-4428-913F-C37AE82CDB24}.Release|Any CPU.ActiveCfg = Release|Any CPU
		{67F9D3A8-F71E-4428-913F-C37AE82CDB24}.Release|Any CPU.Build.0 = Release|Any CPU
		{67F9D3A8-F71E-4428-913F-C37AE82CDB24}.Release|ARM.ActiveCfg = Release|Any CPU
		{67F9D3A8-F71E-4428-913F-C37AE82CDB24}.Release|ARM.Build.0 = Release|Any CPU
		{67F9D3A8-F71E-4428-913F-C37AE82CDB24}.Release|iPhone.ActiveCfg = Release|Any CPU
		{67F9D3A8-F71E-4428-913F-C37AE82CDB24}.Release|iPhone.Build.0 = Release|Any CPU
		{67F9D3A8-F71E-4428-913F-C37AE82CDB24}.Release|iPhoneSimulator.ActiveCfg = Release|Any CPU
		{67F9D3A8-F71E-4428-913F-C37AE82CDB24}.Release|iPhoneSimulator.Build.0 = Release|Any CPU
		{67F9D3A8-F71E-4428-913F-C37AE82CDB24}.Release|x64.ActiveCfg = Release|Any CPU
		{67F9D3A8-F71E-4428-913F-C37AE82CDB24}.Release|x64.Build.0 = Release|Any CPU
		{67F9D3A8-F71E-4428-913F-C37AE82CDB24}.Release|x86.ActiveCfg = Release|Any CPU
		{67F9D3A8-F71E-4428-913F-C37AE82CDB24}.Release|x86.Build.0 = Release|Any CPU
		{690C9CAF-F991-4AC2-9347-49FF8B0B1F25}.Ad-Hoc|Any CPU.ActiveCfg = Release|Any CPU
		{690C9CAF-F991-4AC2-9347-49FF8B0B1F25}.Ad-Hoc|Any CPU.Build.0 = Release|Any CPU
		{690C9CAF-F991-4AC2-9347-49FF8B0B1F25}.Ad-Hoc|ARM.ActiveCfg = Debug|Any CPU
		{690C9CAF-F991-4AC2-9347-49FF8B0B1F25}.Ad-Hoc|ARM.Build.0 = Debug|Any CPU
		{690C9CAF-F991-4AC2-9347-49FF8B0B1F25}.Ad-Hoc|iPhone.ActiveCfg = Release|Any CPU
		{690C9CAF-F991-4AC2-9347-49FF8B0B1F25}.Ad-Hoc|iPhone.Build.0 = Release|Any CPU
		{690C9CAF-F991-4AC2-9347-49FF8B0B1F25}.Ad-Hoc|iPhoneSimulator.ActiveCfg = Release|Any CPU
		{690C9CAF-F991-4AC2-9347-49FF8B0B1F25}.Ad-Hoc|iPhoneSimulator.Build.0 = Release|Any CPU
		{690C9CAF-F991-4AC2-9347-49FF8B0B1F25}.Ad-Hoc|x64.ActiveCfg = Debug|Any CPU
		{690C9CAF-F991-4AC2-9347-49FF8B0B1F25}.Ad-Hoc|x64.Build.0 = Debug|Any CPU
		{690C9CAF-F991-4AC2-9347-49FF8B0B1F25}.Ad-Hoc|x86.ActiveCfg = Debug|Any CPU
		{690C9CAF-F991-4AC2-9347-49FF8B0B1F25}.Ad-Hoc|x86.Build.0 = Debug|Any CPU
		{690C9CAF-F991-4AC2-9347-49FF8B0B1F25}.AppStore|Any CPU.ActiveCfg = Release|Any CPU
		{690C9CAF-F991-4AC2-9347-49FF8B0B1F25}.AppStore|Any CPU.Build.0 = Release|Any CPU
		{690C9CAF-F991-4AC2-9347-49FF8B0B1F25}.AppStore|ARM.ActiveCfg = Debug|Any CPU
		{690C9CAF-F991-4AC2-9347-49FF8B0B1F25}.AppStore|ARM.Build.0 = Debug|Any CPU
		{690C9CAF-F991-4AC2-9347-49FF8B0B1F25}.AppStore|iPhone.ActiveCfg = Release|Any CPU
		{690C9CAF-F991-4AC2-9347-49FF8B0B1F25}.AppStore|iPhone.Build.0 = Release|Any CPU
		{690C9CAF-F991-4AC2-9347-49FF8B0B1F25}.AppStore|iPhoneSimulator.ActiveCfg = Release|Any CPU
		{690C9CAF-F991-4AC2-9347-49FF8B0B1F25}.AppStore|iPhoneSimulator.Build.0 = Release|Any CPU
		{690C9CAF-F991-4AC2-9347-49FF8B0B1F25}.AppStore|x64.ActiveCfg = Debug|Any CPU
		{690C9CAF-F991-4AC2-9347-49FF8B0B1F25}.AppStore|x64.Build.0 = Debug|Any CPU
		{690C9CAF-F991-4AC2-9347-49FF8B0B1F25}.AppStore|x86.ActiveCfg = Debug|Any CPU
		{690C9CAF-F991-4AC2-9347-49FF8B0B1F25}.AppStore|x86.Build.0 = Debug|Any CPU
		{690C9CAF-F991-4AC2-9347-49FF8B0B1F25}.Debug|Any CPU.ActiveCfg = Debug|Any CPU
		{690C9CAF-F991-4AC2-9347-49FF8B0B1F25}.Debug|Any CPU.Build.0 = Debug|Any CPU
		{690C9CAF-F991-4AC2-9347-49FF8B0B1F25}.Debug|ARM.ActiveCfg = Debug|Any CPU
		{690C9CAF-F991-4AC2-9347-49FF8B0B1F25}.Debug|ARM.Build.0 = Debug|Any CPU
		{690C9CAF-F991-4AC2-9347-49FF8B0B1F25}.Debug|iPhone.ActiveCfg = Debug|Any CPU
		{690C9CAF-F991-4AC2-9347-49FF8B0B1F25}.Debug|iPhone.Build.0 = Debug|Any CPU
		{690C9CAF-F991-4AC2-9347-49FF8B0B1F25}.Debug|iPhoneSimulator.ActiveCfg = Debug|Any CPU
		{690C9CAF-F991-4AC2-9347-49FF8B0B1F25}.Debug|iPhoneSimulator.Build.0 = Debug|Any CPU
		{690C9CAF-F991-4AC2-9347-49FF8B0B1F25}.Debug|x64.ActiveCfg = Debug|Any CPU
		{690C9CAF-F991-4AC2-9347-49FF8B0B1F25}.Debug|x64.Build.0 = Debug|Any CPU
		{690C9CAF-F991-4AC2-9347-49FF8B0B1F25}.Debug|x86.ActiveCfg = Debug|Any CPU
		{690C9CAF-F991-4AC2-9347-49FF8B0B1F25}.Debug|x86.Build.0 = Debug|Any CPU
		{690C9CAF-F991-4AC2-9347-49FF8B0B1F25}.Release|Any CPU.ActiveCfg = Release|Any CPU
		{690C9CAF-F991-4AC2-9347-49FF8B0B1F25}.Release|Any CPU.Build.0 = Release|Any CPU
		{690C9CAF-F991-4AC2-9347-49FF8B0B1F25}.Release|ARM.ActiveCfg = Release|Any CPU
		{690C9CAF-F991-4AC2-9347-49FF8B0B1F25}.Release|ARM.Build.0 = Release|Any CPU
		{690C9CAF-F991-4AC2-9347-49FF8B0B1F25}.Release|iPhone.ActiveCfg = Release|Any CPU
		{690C9CAF-F991-4AC2-9347-49FF8B0B1F25}.Release|iPhone.Build.0 = Release|Any CPU
		{690C9CAF-F991-4AC2-9347-49FF8B0B1F25}.Release|iPhoneSimulator.ActiveCfg = Release|Any CPU
		{690C9CAF-F991-4AC2-9347-49FF8B0B1F25}.Release|iPhoneSimulator.Build.0 = Release|Any CPU
		{690C9CAF-F991-4AC2-9347-49FF8B0B1F25}.Release|x64.ActiveCfg = Release|Any CPU
		{690C9CAF-F991-4AC2-9347-49FF8B0B1F25}.Release|x64.Build.0 = Release|Any CPU
		{690C9CAF-F991-4AC2-9347-49FF8B0B1F25}.Release|x86.ActiveCfg = Release|Any CPU
		{690C9CAF-F991-4AC2-9347-49FF8B0B1F25}.Release|x86.Build.0 = Release|Any CPU
		{1BBC03AA-EEE5-447A-BC01-D6043A17A7C8}.Ad-Hoc|Any CPU.ActiveCfg = Release|Any CPU
		{1BBC03AA-EEE5-447A-BC01-D6043A17A7C8}.Ad-Hoc|Any CPU.Build.0 = Release|Any CPU
		{1BBC03AA-EEE5-447A-BC01-D6043A17A7C8}.Ad-Hoc|ARM.ActiveCfg = Debug|Any CPU
		{1BBC03AA-EEE5-447A-BC01-D6043A17A7C8}.Ad-Hoc|ARM.Build.0 = Debug|Any CPU
		{1BBC03AA-EEE5-447A-BC01-D6043A17A7C8}.Ad-Hoc|iPhone.ActiveCfg = Release|Any CPU
		{1BBC03AA-EEE5-447A-BC01-D6043A17A7C8}.Ad-Hoc|iPhone.Build.0 = Release|Any CPU
		{1BBC03AA-EEE5-447A-BC01-D6043A17A7C8}.Ad-Hoc|iPhoneSimulator.ActiveCfg = Release|Any CPU
		{1BBC03AA-EEE5-447A-BC01-D6043A17A7C8}.Ad-Hoc|iPhoneSimulator.Build.0 = Release|Any CPU
		{1BBC03AA-EEE5-447A-BC01-D6043A17A7C8}.Ad-Hoc|x64.ActiveCfg = Debug|Any CPU
		{1BBC03AA-EEE5-447A-BC01-D6043A17A7C8}.Ad-Hoc|x64.Build.0 = Debug|Any CPU
		{1BBC03AA-EEE5-447A-BC01-D6043A17A7C8}.Ad-Hoc|x86.ActiveCfg = Debug|Any CPU
		{1BBC03AA-EEE5-447A-BC01-D6043A17A7C8}.Ad-Hoc|x86.Build.0 = Debug|Any CPU
		{1BBC03AA-EEE5-447A-BC01-D6043A17A7C8}.AppStore|Any CPU.ActiveCfg = Release|Any CPU
		{1BBC03AA-EEE5-447A-BC01-D6043A17A7C8}.AppStore|Any CPU.Build.0 = Release|Any CPU
		{1BBC03AA-EEE5-447A-BC01-D6043A17A7C8}.AppStore|ARM.ActiveCfg = Debug|Any CPU
		{1BBC03AA-EEE5-447A-BC01-D6043A17A7C8}.AppStore|ARM.Build.0 = Debug|Any CPU
		{1BBC03AA-EEE5-447A-BC01-D6043A17A7C8}.AppStore|iPhone.ActiveCfg = Release|Any CPU
		{1BBC03AA-EEE5-447A-BC01-D6043A17A7C8}.AppStore|iPhone.Build.0 = Release|Any CPU
		{1BBC03AA-EEE5-447A-BC01-D6043A17A7C8}.AppStore|iPhoneSimulator.ActiveCfg = Release|Any CPU
		{1BBC03AA-EEE5-447A-BC01-D6043A17A7C8}.AppStore|iPhoneSimulator.Build.0 = Release|Any CPU
		{1BBC03AA-EEE5-447A-BC01-D6043A17A7C8}.AppStore|x64.ActiveCfg = Debug|Any CPU
		{1BBC03AA-EEE5-447A-BC01-D6043A17A7C8}.AppStore|x64.Build.0 = Debug|Any CPU
		{1BBC03AA-EEE5-447A-BC01-D6043A17A7C8}.AppStore|x86.ActiveCfg = Debug|Any CPU
		{1BBC03AA-EEE5-447A-BC01-D6043A17A7C8}.AppStore|x86.Build.0 = Debug|Any CPU
		{1BBC03AA-EEE5-447A-BC01-D6043A17A7C8}.Debug|Any CPU.ActiveCfg = Debug|Any CPU
		{1BBC03AA-EEE5-447A-BC01-D6043A17A7C8}.Debug|ARM.ActiveCfg = Debug|Any CPU
		{1BBC03AA-EEE5-447A-BC01-D6043A17A7C8}.Debug|ARM.Build.0 = Debug|Any CPU
		{1BBC03AA-EEE5-447A-BC01-D6043A17A7C8}.Debug|iPhone.ActiveCfg = Debug|Any CPU
		{1BBC03AA-EEE5-447A-BC01-D6043A17A7C8}.Debug|iPhone.Build.0 = Debug|Any CPU
		{1BBC03AA-EEE5-447A-BC01-D6043A17A7C8}.Debug|iPhoneSimulator.ActiveCfg = Debug|Any CPU
		{1BBC03AA-EEE5-447A-BC01-D6043A17A7C8}.Debug|x64.ActiveCfg = Debug|Any CPU
		{1BBC03AA-EEE5-447A-BC01-D6043A17A7C8}.Debug|x64.Build.0 = Debug|Any CPU
		{1BBC03AA-EEE5-447A-BC01-D6043A17A7C8}.Debug|x86.ActiveCfg = Debug|Any CPU
		{1BBC03AA-EEE5-447A-BC01-D6043A17A7C8}.Debug|x86.Build.0 = Debug|Any CPU
		{1BBC03AA-EEE5-447A-BC01-D6043A17A7C8}.Release|Any CPU.ActiveCfg = Release|Any CPU
		{1BBC03AA-EEE5-447A-BC01-D6043A17A7C8}.Release|Any CPU.Build.0 = Release|Any CPU
		{1BBC03AA-EEE5-447A-BC01-D6043A17A7C8}.Release|ARM.ActiveCfg = Release|Any CPU
		{1BBC03AA-EEE5-447A-BC01-D6043A17A7C8}.Release|ARM.Build.0 = Release|Any CPU
		{1BBC03AA-EEE5-447A-BC01-D6043A17A7C8}.Release|iPhone.ActiveCfg = Release|Any CPU
		{1BBC03AA-EEE5-447A-BC01-D6043A17A7C8}.Release|iPhone.Build.0 = Release|Any CPU
		{1BBC03AA-EEE5-447A-BC01-D6043A17A7C8}.Release|iPhoneSimulator.ActiveCfg = Release|Any CPU
		{1BBC03AA-EEE5-447A-BC01-D6043A17A7C8}.Release|iPhoneSimulator.Build.0 = Release|Any CPU
		{1BBC03AA-EEE5-447A-BC01-D6043A17A7C8}.Release|x64.ActiveCfg = Release|Any CPU
		{1BBC03AA-EEE5-447A-BC01-D6043A17A7C8}.Release|x64.Build.0 = Release|Any CPU
		{1BBC03AA-EEE5-447A-BC01-D6043A17A7C8}.Release|x86.ActiveCfg = Release|Any CPU
		{1BBC03AA-EEE5-447A-BC01-D6043A17A7C8}.Release|x86.Build.0 = Release|Any CPU
		{A2DC9814-9D5B-4A11-9558-603FE478973E}.Ad-Hoc|Any CPU.ActiveCfg = Release|x86
		{A2DC9814-9D5B-4A11-9558-603FE478973E}.Ad-Hoc|Any CPU.Build.0 = Release|x86
		{A2DC9814-9D5B-4A11-9558-603FE478973E}.Ad-Hoc|Any CPU.Deploy.0 = Release|x86
		{A2DC9814-9D5B-4A11-9558-603FE478973E}.Ad-Hoc|ARM.ActiveCfg = Release|ARM
		{A2DC9814-9D5B-4A11-9558-603FE478973E}.Ad-Hoc|ARM.Build.0 = Release|ARM
		{A2DC9814-9D5B-4A11-9558-603FE478973E}.Ad-Hoc|ARM.Deploy.0 = Release|ARM
		{A2DC9814-9D5B-4A11-9558-603FE478973E}.Ad-Hoc|iPhone.ActiveCfg = Release|x86
		{A2DC9814-9D5B-4A11-9558-603FE478973E}.Ad-Hoc|iPhone.Build.0 = Release|x86
		{A2DC9814-9D5B-4A11-9558-603FE478973E}.Ad-Hoc|iPhone.Deploy.0 = Release|x86
		{A2DC9814-9D5B-4A11-9558-603FE478973E}.Ad-Hoc|iPhoneSimulator.ActiveCfg = Release|x86
		{A2DC9814-9D5B-4A11-9558-603FE478973E}.Ad-Hoc|iPhoneSimulator.Build.0 = Release|x86
		{A2DC9814-9D5B-4A11-9558-603FE478973E}.Ad-Hoc|iPhoneSimulator.Deploy.0 = Release|x86
		{A2DC9814-9D5B-4A11-9558-603FE478973E}.Ad-Hoc|x64.ActiveCfg = Release|x64
		{A2DC9814-9D5B-4A11-9558-603FE478973E}.Ad-Hoc|x64.Build.0 = Release|x64
		{A2DC9814-9D5B-4A11-9558-603FE478973E}.Ad-Hoc|x64.Deploy.0 = Release|x64
		{A2DC9814-9D5B-4A11-9558-603FE478973E}.Ad-Hoc|x86.ActiveCfg = Release|x86
		{A2DC9814-9D5B-4A11-9558-603FE478973E}.Ad-Hoc|x86.Build.0 = Release|x86
		{A2DC9814-9D5B-4A11-9558-603FE478973E}.Ad-Hoc|x86.Deploy.0 = Release|x86
		{A2DC9814-9D5B-4A11-9558-603FE478973E}.AppStore|Any CPU.ActiveCfg = Release|x86
		{A2DC9814-9D5B-4A11-9558-603FE478973E}.AppStore|Any CPU.Build.0 = Release|x86
		{A2DC9814-9D5B-4A11-9558-603FE478973E}.AppStore|Any CPU.Deploy.0 = Release|x86
		{A2DC9814-9D5B-4A11-9558-603FE478973E}.AppStore|ARM.ActiveCfg = Release|ARM
		{A2DC9814-9D5B-4A11-9558-603FE478973E}.AppStore|ARM.Build.0 = Release|ARM
		{A2DC9814-9D5B-4A11-9558-603FE478973E}.AppStore|ARM.Deploy.0 = Release|ARM
		{A2DC9814-9D5B-4A11-9558-603FE478973E}.AppStore|iPhone.ActiveCfg = Release|x86
		{A2DC9814-9D5B-4A11-9558-603FE478973E}.AppStore|iPhone.Build.0 = Release|x86
		{A2DC9814-9D5B-4A11-9558-603FE478973E}.AppStore|iPhone.Deploy.0 = Release|x86
		{A2DC9814-9D5B-4A11-9558-603FE478973E}.AppStore|iPhoneSimulator.ActiveCfg = Release|x86
		{A2DC9814-9D5B-4A11-9558-603FE478973E}.AppStore|iPhoneSimulator.Build.0 = Release|x86
		{A2DC9814-9D5B-4A11-9558-603FE478973E}.AppStore|iPhoneSimulator.Deploy.0 = Release|x86
		{A2DC9814-9D5B-4A11-9558-603FE478973E}.AppStore|x64.ActiveCfg = Release|x64
		{A2DC9814-9D5B-4A11-9558-603FE478973E}.AppStore|x64.Build.0 = Release|x64
		{A2DC9814-9D5B-4A11-9558-603FE478973E}.AppStore|x64.Deploy.0 = Release|x64
		{A2DC9814-9D5B-4A11-9558-603FE478973E}.AppStore|x86.ActiveCfg = Release|x86
		{A2DC9814-9D5B-4A11-9558-603FE478973E}.AppStore|x86.Build.0 = Release|x86
		{A2DC9814-9D5B-4A11-9558-603FE478973E}.AppStore|x86.Deploy.0 = Release|x86
		{A2DC9814-9D5B-4A11-9558-603FE478973E}.Debug|Any CPU.ActiveCfg = Debug|x86
		{A2DC9814-9D5B-4A11-9558-603FE478973E}.Debug|Any CPU.Build.0 = Debug|x86
		{A2DC9814-9D5B-4A11-9558-603FE478973E}.Debug|ARM.ActiveCfg = Debug|ARM
		{A2DC9814-9D5B-4A11-9558-603FE478973E}.Debug|ARM.Build.0 = Debug|ARM
		{A2DC9814-9D5B-4A11-9558-603FE478973E}.Debug|ARM.Deploy.0 = Debug|ARM
		{A2DC9814-9D5B-4A11-9558-603FE478973E}.Debug|iPhone.ActiveCfg = Debug|x86
		{A2DC9814-9D5B-4A11-9558-603FE478973E}.Debug|iPhoneSimulator.ActiveCfg = Debug|x86
		{A2DC9814-9D5B-4A11-9558-603FE478973E}.Debug|x64.ActiveCfg = Debug|x64
		{A2DC9814-9D5B-4A11-9558-603FE478973E}.Debug|x64.Build.0 = Debug|x64
		{A2DC9814-9D5B-4A11-9558-603FE478973E}.Debug|x64.Deploy.0 = Debug|x64
		{A2DC9814-9D5B-4A11-9558-603FE478973E}.Debug|x86.ActiveCfg = Debug|x86
		{A2DC9814-9D5B-4A11-9558-603FE478973E}.Debug|x86.Build.0 = Debug|x86
		{A2DC9814-9D5B-4A11-9558-603FE478973E}.Debug|x86.Deploy.0 = Debug|x86
		{A2DC9814-9D5B-4A11-9558-603FE478973E}.Release|Any CPU.ActiveCfg = Release|x86
		{A2DC9814-9D5B-4A11-9558-603FE478973E}.Release|ARM.ActiveCfg = Release|ARM
		{A2DC9814-9D5B-4A11-9558-603FE478973E}.Release|ARM.Build.0 = Release|ARM
		{A2DC9814-9D5B-4A11-9558-603FE478973E}.Release|ARM.Deploy.0 = Release|ARM
		{A2DC9814-9D5B-4A11-9558-603FE478973E}.Release|iPhone.ActiveCfg = Release|x86
		{A2DC9814-9D5B-4A11-9558-603FE478973E}.Release|iPhoneSimulator.ActiveCfg = Release|x86
		{A2DC9814-9D5B-4A11-9558-603FE478973E}.Release|x64.ActiveCfg = Release|x64
		{A2DC9814-9D5B-4A11-9558-603FE478973E}.Release|x64.Build.0 = Release|x64
		{A2DC9814-9D5B-4A11-9558-603FE478973E}.Release|x64.Deploy.0 = Release|x64
		{A2DC9814-9D5B-4A11-9558-603FE478973E}.Release|x86.ActiveCfg = Release|x86
		{A2DC9814-9D5B-4A11-9558-603FE478973E}.Release|x86.Build.0 = Release|x86
		{A2DC9814-9D5B-4A11-9558-603FE478973E}.Release|x86.Deploy.0 = Release|x86
	EndGlobalSection
	GlobalSection(SolutionProperties) = preSolution
		HideSolutionNode = FALSE
	EndGlobalSection
EndGlobal
