Microsoft Visual Studio Solution File, Format Version 12.00
# Visual Studio 14
VisualStudioVersion = 14.0.25123.0
MinimumVisualStudioVersion = 10.0.40219.1
Project("{FAE04EC0-301F-11D3-BF4B-00C04F79EFBC}") = "www.linuxwochen.common.ui", "ffrab-mobile.common.ui\www.linuxwochen.common.ui.csproj", "{67F9D3A8-F71E-4428-913F-C37AE82CDB24}"
EndProject
Project("{f2a71f9b-5d33-465a-a702-920d77279786}") = "www.linuxwochen.common", "ffrab.common\www.linuxwochen.common.fsproj", "{219C64D9-17F7-46CD-8A3C-EE9EDE15BF16}"
EndProject
Project("{f2a71f9b-5d33-465a-a702-920d77279786}") = "at.linuxwochen.wien", "ffrab.apple\at.linuxwochen.wien.fsproj", "{0B182395-E355-4D83-BABF-D1D9683285DD}"
EndProject
Project("{f2a71f9b-5d33-465a-a702-920d77279786}") = "ffrab.test", "ffrab.test\ffrab.test.fsproj", "{690C9CAF-F991-4AC2-9347-49FF8B0B1F25}"
EndProject
Project("{FAE04EC0-301F-11D3-BF4B-00C04F79EFBC}") = "www.linuxwochen.droid", "ffrab.droid\www.linuxwochen.droid.csproj", "{430A1460-E60F-487F-B518-44971F65C61A}"
EndProject
Project("{2150E333-8FDC-42A3-9474-1A3956D46DE8}") = "Solution Items", "Solution Items", "{F589FF83-8FCC-47EE-9595-9A33F0F0EB1D}"
	ProjectSection(SolutionItems) = preProject
		LICENSE = LICENSE
	EndProjectSection
EndProject
Global
	GlobalSection(SolutionConfigurationPlatforms) = preSolution
		Ad-Hoc|Any CPU = Ad-Hoc|Any CPU
		Ad-Hoc|iPhone = Ad-Hoc|iPhone
		Ad-Hoc|iPhoneSimulator = Ad-Hoc|iPhoneSimulator
		AppStore|Any CPU = AppStore|Any CPU
		AppStore|iPhone = AppStore|iPhone
		AppStore|iPhoneSimulator = AppStore|iPhoneSimulator
		Debug|Any CPU = Debug|Any CPU
		Debug|iPhone = Debug|iPhone
		Debug|iPhoneSimulator = Debug|iPhoneSimulator
		Release|Any CPU = Release|Any CPU
		Release|iPhone = Release|iPhone
		Release|iPhoneSimulator = Release|iPhoneSimulator
	EndGlobalSection
	GlobalSection(ProjectConfigurationPlatforms) = postSolution
		{67F9D3A8-F71E-4428-913F-C37AE82CDB24}.Ad-Hoc|Any CPU.ActiveCfg = Release|Any CPU
		{67F9D3A8-F71E-4428-913F-C37AE82CDB24}.Ad-Hoc|iPhone.ActiveCfg = Debug|Any CPU
		{67F9D3A8-F71E-4428-913F-C37AE82CDB24}.Ad-Hoc|iPhone.Build.0 = Debug|Any CPU
		{67F9D3A8-F71E-4428-913F-C37AE82CDB24}.Ad-Hoc|iPhoneSimulator.ActiveCfg = Release|Any CPU
		{67F9D3A8-F71E-4428-913F-C37AE82CDB24}.AppStore|Any CPU.ActiveCfg = Release|Any CPU
		{67F9D3A8-F71E-4428-913F-C37AE82CDB24}.AppStore|iPhone.ActiveCfg = Debug|Any CPU
		{67F9D3A8-F71E-4428-913F-C37AE82CDB24}.AppStore|iPhone.Build.0 = Debug|Any CPU
		{67F9D3A8-F71E-4428-913F-C37AE82CDB24}.AppStore|iPhoneSimulator.ActiveCfg = Release|Any CPU
		{67F9D3A8-F71E-4428-913F-C37AE82CDB24}.Debug|Any CPU.ActiveCfg = Debug|Any CPU
		{67F9D3A8-F71E-4428-913F-C37AE82CDB24}.Debug|Any CPU.Build.0 = Debug|Any CPU
		{67F9D3A8-F71E-4428-913F-C37AE82CDB24}.Debug|iPhone.ActiveCfg = Debug|Any CPU
		{67F9D3A8-F71E-4428-913F-C37AE82CDB24}.Debug|iPhone.Build.0 = Debug|Any CPU
		{67F9D3A8-F71E-4428-913F-C37AE82CDB24}.Debug|iPhoneSimulator.ActiveCfg = Debug|Any CPU
		{67F9D3A8-F71E-4428-913F-C37AE82CDB24}.Debug|iPhoneSimulator.Build.0 = Debug|Any CPU
		{67F9D3A8-F71E-4428-913F-C37AE82CDB24}.Release|Any CPU.ActiveCfg = Release|Any CPU
		{67F9D3A8-F71E-4428-913F-C37AE82CDB24}.Release|Any CPU.Build.0 = Release|Any CPU
		{67F9D3A8-F71E-4428-913F-C37AE82CDB24}.Release|iPhone.ActiveCfg = Release|Any CPU
		{67F9D3A8-F71E-4428-913F-C37AE82CDB24}.Release|iPhone.Build.0 = Release|Any CPU
		{67F9D3A8-F71E-4428-913F-C37AE82CDB24}.Release|iPhoneSimulator.ActiveCfg = Release|Any CPU
		{67F9D3A8-F71E-4428-913F-C37AE82CDB24}.Release|iPhoneSimulator.Build.0 = Release|Any CPU
		{219C64D9-17F7-46CD-8A3C-EE9EDE15BF16}.Ad-Hoc|Any CPU.ActiveCfg = Release|Any CPU
		{219C64D9-17F7-46CD-8A3C-EE9EDE15BF16}.Ad-Hoc|iPhone.ActiveCfg = Debug|Any CPU
		{219C64D9-17F7-46CD-8A3C-EE9EDE15BF16}.Ad-Hoc|iPhone.Build.0 = Debug|Any CPU
		{219C64D9-17F7-46CD-8A3C-EE9EDE15BF16}.Ad-Hoc|iPhoneSimulator.ActiveCfg = Release|Any CPU
		{219C64D9-17F7-46CD-8A3C-EE9EDE15BF16}.AppStore|Any CPU.ActiveCfg = Release|Any CPU
		{219C64D9-17F7-46CD-8A3C-EE9EDE15BF16}.AppStore|iPhone.ActiveCfg = Debug|Any CPU
		{219C64D9-17F7-46CD-8A3C-EE9EDE15BF16}.AppStore|iPhone.Build.0 = Debug|Any CPU
		{219C64D9-17F7-46CD-8A3C-EE9EDE15BF16}.AppStore|iPhoneSimulator.ActiveCfg = Release|Any CPU
		{219C64D9-17F7-46CD-8A3C-EE9EDE15BF16}.Debug|Any CPU.ActiveCfg = Debug|Any CPU
		{219C64D9-17F7-46CD-8A3C-EE9EDE15BF16}.Debug|Any CPU.Build.0 = Debug|Any CPU
		{219C64D9-17F7-46CD-8A3C-EE9EDE15BF16}.Debug|iPhone.ActiveCfg = Debug|Any CPU
		{219C64D9-17F7-46CD-8A3C-EE9EDE15BF16}.Debug|iPhone.Build.0 = Debug|Any CPU
		{219C64D9-17F7-46CD-8A3C-EE9EDE15BF16}.Debug|iPhoneSimulator.ActiveCfg = Debug|Any CPU
		{219C64D9-17F7-46CD-8A3C-EE9EDE15BF16}.Debug|iPhoneSimulator.Build.0 = Debug|Any CPU
		{219C64D9-17F7-46CD-8A3C-EE9EDE15BF16}.Release|Any CPU.ActiveCfg = Release|Any CPU
		{219C64D9-17F7-46CD-8A3C-EE9EDE15BF16}.Release|Any CPU.Build.0 = Release|Any CPU
		{219C64D9-17F7-46CD-8A3C-EE9EDE15BF16}.Release|iPhone.ActiveCfg = Release|Any CPU
		{219C64D9-17F7-46CD-8A3C-EE9EDE15BF16}.Release|iPhone.Build.0 = Release|Any CPU
		{219C64D9-17F7-46CD-8A3C-EE9EDE15BF16}.Release|iPhoneSimulator.ActiveCfg = Release|Any CPU
		{219C64D9-17F7-46CD-8A3C-EE9EDE15BF16}.Release|iPhoneSimulator.Build.0 = Release|Any CPU
		{0B182395-E355-4D83-BABF-D1D9683285DD}.Ad-Hoc|Any CPU.ActiveCfg = Ad-Hoc|iPhone
		{0B182395-E355-4D83-BABF-D1D9683285DD}.Ad-Hoc|iPhone.ActiveCfg = Ad-Hoc|iPhone
		{0B182395-E355-4D83-BABF-D1D9683285DD}.Ad-Hoc|iPhone.Build.0 = Ad-Hoc|iPhone
		{0B182395-E355-4D83-BABF-D1D9683285DD}.Ad-Hoc|iPhoneSimulator.ActiveCfg = Ad-Hoc|iPhone
		{0B182395-E355-4D83-BABF-D1D9683285DD}.AppStore|Any CPU.ActiveCfg = AppStore|iPhone
		{0B182395-E355-4D83-BABF-D1D9683285DD}.AppStore|iPhone.ActiveCfg = AppStore|iPhone
		{0B182395-E355-4D83-BABF-D1D9683285DD}.AppStore|iPhone.Build.0 = AppStore|iPhone
		{0B182395-E355-4D83-BABF-D1D9683285DD}.AppStore|iPhoneSimulator.ActiveCfg = AppStore|iPhone
		{0B182395-E355-4D83-BABF-D1D9683285DD}.Debug|Any CPU.ActiveCfg = Debug|iPhoneSimulator
		{0B182395-E355-4D83-BABF-D1D9683285DD}.Debug|Any CPU.Build.0 = Debug|iPhoneSimulator
		{0B182395-E355-4D83-BABF-D1D9683285DD}.Debug|iPhone.ActiveCfg = Debug|iPhone
		{0B182395-E355-4D83-BABF-D1D9683285DD}.Debug|iPhone.Build.0 = Debug|iPhone
		{0B182395-E355-4D83-BABF-D1D9683285DD}.Debug|iPhoneSimulator.ActiveCfg = Debug|iPhoneSimulator
		{0B182395-E355-4D83-BABF-D1D9683285DD}.Debug|iPhoneSimulator.Build.0 = Debug|iPhoneSimulator
		{0B182395-E355-4D83-BABF-D1D9683285DD}.Release|Any CPU.ActiveCfg = Debug|iPhoneSimulator
		{0B182395-E355-4D83-BABF-D1D9683285DD}.Release|Any CPU.Build.0 = Debug|iPhoneSimulator
		{0B182395-E355-4D83-BABF-D1D9683285DD}.Release|iPhone.ActiveCfg = Release|iPhone
		{0B182395-E355-4D83-BABF-D1D9683285DD}.Release|iPhone.Build.0 = Release|iPhone
		{0B182395-E355-4D83-BABF-D1D9683285DD}.Release|iPhoneSimulator.ActiveCfg = Release|iPhoneSimulator
		{0B182395-E355-4D83-BABF-D1D9683285DD}.Release|iPhoneSimulator.Build.0 = Release|iPhoneSimulator
		{690C9CAF-F991-4AC2-9347-49FF8B0B1F25}.Ad-Hoc|Any CPU.ActiveCfg = Debug|Any CPU
		{690C9CAF-F991-4AC2-9347-49FF8B0B1F25}.Ad-Hoc|Any CPU.Build.0 = Debug|Any CPU
		{690C9CAF-F991-4AC2-9347-49FF8B0B1F25}.Ad-Hoc|iPhone.ActiveCfg = Release|Any CPU
		{690C9CAF-F991-4AC2-9347-49FF8B0B1F25}.Ad-Hoc|iPhone.Build.0 = Release|Any CPU
		{690C9CAF-F991-4AC2-9347-49FF8B0B1F25}.Ad-Hoc|iPhoneSimulator.ActiveCfg = Debug|Any CPU
		{690C9CAF-F991-4AC2-9347-49FF8B0B1F25}.Ad-Hoc|iPhoneSimulator.Build.0 = Debug|Any CPU
		{690C9CAF-F991-4AC2-9347-49FF8B0B1F25}.AppStore|Any CPU.ActiveCfg = Debug|Any CPU
		{690C9CAF-F991-4AC2-9347-49FF8B0B1F25}.AppStore|Any CPU.Build.0 = Debug|Any CPU
		{690C9CAF-F991-4AC2-9347-49FF8B0B1F25}.AppStore|iPhone.ActiveCfg = Release|Any CPU
		{690C9CAF-F991-4AC2-9347-49FF8B0B1F25}.AppStore|iPhone.Build.0 = Release|Any CPU
		{690C9CAF-F991-4AC2-9347-49FF8B0B1F25}.AppStore|iPhoneSimulator.ActiveCfg = Debug|Any CPU
		{690C9CAF-F991-4AC2-9347-49FF8B0B1F25}.AppStore|iPhoneSimulator.Build.0 = Debug|Any CPU
		{690C9CAF-F991-4AC2-9347-49FF8B0B1F25}.Debug|Any CPU.ActiveCfg = Debug|Any CPU
		{690C9CAF-F991-4AC2-9347-49FF8B0B1F25}.Debug|Any CPU.Build.0 = Debug|Any CPU
		{690C9CAF-F991-4AC2-9347-49FF8B0B1F25}.Debug|iPhone.ActiveCfg = Debug|Any CPU
		{690C9CAF-F991-4AC2-9347-49FF8B0B1F25}.Debug|iPhone.Build.0 = Debug|Any CPU
		{690C9CAF-F991-4AC2-9347-49FF8B0B1F25}.Debug|iPhoneSimulator.ActiveCfg = Debug|Any CPU
		{690C9CAF-F991-4AC2-9347-49FF8B0B1F25}.Debug|iPhoneSimulator.Build.0 = Debug|Any CPU
		{690C9CAF-F991-4AC2-9347-49FF8B0B1F25}.Release|Any CPU.ActiveCfg = Release|Any CPU
		{690C9CAF-F991-4AC2-9347-49FF8B0B1F25}.Release|Any CPU.Build.0 = Release|Any CPU
		{690C9CAF-F991-4AC2-9347-49FF8B0B1F25}.Release|iPhone.ActiveCfg = Release|Any CPU
		{690C9CAF-F991-4AC2-9347-49FF8B0B1F25}.Release|iPhone.Build.0 = Release|Any CPU
		{690C9CAF-F991-4AC2-9347-49FF8B0B1F25}.Release|iPhoneSimulator.ActiveCfg = Release|Any CPU
		{690C9CAF-F991-4AC2-9347-49FF8B0B1F25}.Release|iPhoneSimulator.Build.0 = Release|Any CPU
		{430A1460-E60F-487F-B518-44971F65C61A}.Ad-Hoc|Any CPU.ActiveCfg = Debug|Any CPU
		{430A1460-E60F-487F-B518-44971F65C61A}.Ad-Hoc|iPhone.ActiveCfg = Release|Any CPU
		{430A1460-E60F-487F-B518-44971F65C61A}.Ad-Hoc|iPhone.Build.0 = Release|Any CPU
		{430A1460-E60F-487F-B518-44971F65C61A}.Ad-Hoc|iPhoneSimulator.ActiveCfg = Debug|Any CPU
		{430A1460-E60F-487F-B518-44971F65C61A}.AppStore|Any CPU.ActiveCfg = Debug|Any CPU
		{430A1460-E60F-487F-B518-44971F65C61A}.AppStore|iPhone.ActiveCfg = Release|Any CPU
		{430A1460-E60F-487F-B518-44971F65C61A}.AppStore|iPhone.Build.0 = Release|Any CPU
		{430A1460-E60F-487F-B518-44971F65C61A}.AppStore|iPhoneSimulator.ActiveCfg = Debug|Any CPU
		{430A1460-E60F-487F-B518-44971F65C61A}.Debug|Any CPU.ActiveCfg = Debug|Any CPU
		{430A1460-E60F-487F-B518-44971F65C61A}.Debug|Any CPU.Build.0 = Debug|Any CPU
		{430A1460-E60F-487F-B518-44971F65C61A}.Debug|iPhone.ActiveCfg = Debug|Any CPU
		{430A1460-E60F-487F-B518-44971F65C61A}.Debug|iPhone.Build.0 = Debug|Any CPU
		{430A1460-E60F-487F-B518-44971F65C61A}.Debug|iPhoneSimulator.ActiveCfg = Debug|Any CPU
		{430A1460-E60F-487F-B518-44971F65C61A}.Debug|iPhoneSimulator.Build.0 = Debug|Any CPU
		{430A1460-E60F-487F-B518-44971F65C61A}.Release|Any CPU.ActiveCfg = Release|Any CPU
		{430A1460-E60F-487F-B518-44971F65C61A}.Release|Any CPU.Build.0 = Release|Any CPU
		{430A1460-E60F-487F-B518-44971F65C61A}.Release|iPhone.ActiveCfg = Release|Any CPU
		{430A1460-E60F-487F-B518-44971F65C61A}.Release|iPhone.Build.0 = Release|Any CPU
		{430A1460-E60F-487F-B518-44971F65C61A}.Release|iPhoneSimulator.ActiveCfg = Release|Any CPU
		{430A1460-E60F-487F-B518-44971F65C61A}.Release|iPhoneSimulator.Build.0 = Release|Any CPU
	EndGlobalSection
	GlobalSection(SolutionProperties) = preSolution
		HideSolutionNode = FALSE
	EndGlobalSection
EndGlobal
