Microsoft Visual Studio Solution File, Format Version 12.00
# Visual Studio 15
VisualStudioVersion = 15.0.26403.7
MinimumVisualStudioVersion = 10.0.40219.1
Project("{F2A71F9B-5D33-465A-A702-920D77279786}") = "at.linuxwochen.wien", "ffrab.apple\at.linuxwochen.wien.fsproj", "{0B182395-E355-4D83-BABF-D1D9683285DD}"
EndProject
Project("{F2A71F9B-5D33-465A-A702-920D77279786}") = "ffrab.test", "ffrab.test\ffrab.test.fsproj", "{690C9CAF-F991-4AC2-9347-49FF8B0B1F25}"
EndProject
Project("{FAE04EC0-301F-11D3-BF4B-00C04F79EFBC}") = "www.linuxwochen.droid", "ffrab.droid\www.linuxwochen.droid.csproj", "{430A1460-E60F-487F-B518-44971F65C61A}"
EndProject
Project("{2150E333-8FDC-42A3-9474-1A3956D46DE8}") = "Solution Items", "Solution Items", "{F589FF83-8FCC-47EE-9595-9A33F0F0EB1D}"
	ProjectSection(SolutionItems) = preProject
		LICENSE = LICENSE
	EndProjectSection
EndProject
Project("{FAE04EC0-301F-11D3-BF4B-00C04F79EFBC}") = "www.linuxwochen.common.ui", "ffrab-mobile.common.ui\www.linuxwochen.common.ui.csproj", "{ED467B47-8362-41E5-8093-91F2ADE0EDEE}"
EndProject
Project("{F2A71F9B-5D33-465A-A702-920D77279786}") = "www.linuxwochen.common", "ffrab.common\www.linuxwochen.common.fsproj", "{4AA0E1C9-21AE-4DF3-9BB3-763E9B3178C3}"
EndProject
Global
	GlobalSection(SolutionConfigurationPlatforms) = preSolution
		Ad-Hoc|Any CPU = Ad-Hoc|Any CPU
		Ad-Hoc|iPhone = Ad-Hoc|iPhone
		Ad-Hoc|iPhoneSimulator = Ad-Hoc|iPhoneSimulator
		AppStore|Any CPU = AppStore|Any CPU
		AppStore|iPhone = AppStore|iPhone
		AppStore|iPhoneSimulator = AppStore|iPhoneSimulator
		Debug|Any CPU = Debug|Any CPU
		Debug|iPhone = Debug|iPhone
		Debug|iPhoneSimulator = Debug|iPhoneSimulator
		Release|Any CPU = Release|Any CPU
		Release|iPhone = Release|iPhone
		Release|iPhoneSimulator = Release|iPhoneSimulator
	EndGlobalSection
	GlobalSection(ProjectConfigurationPlatforms) = postSolution
		{0B182395-E355-4D83-BABF-D1D9683285DD}.Ad-Hoc|Any CPU.ActiveCfg = Ad-Hoc|iPhone
		{0B182395-E355-4D83-BABF-D1D9683285DD}.Ad-Hoc|iPhone.ActiveCfg = Ad-Hoc|iPhone
		{0B182395-E355-4D83-BABF-D1D9683285DD}.Ad-Hoc|iPhone.Build.0 = Ad-Hoc|iPhone
		{0B182395-E355-4D83-BABF-D1D9683285DD}.Ad-Hoc|iPhoneSimulator.ActiveCfg = Ad-Hoc|iPhone
		{0B182395-E355-4D83-BABF-D1D9683285DD}.AppStore|Any CPU.ActiveCfg = AppStore|iPhone
		{0B182395-E355-4D83-BABF-D1D9683285DD}.AppStore|Any CPU.Build.0 = AppStore|iPhone
		{0B182395-E355-4D83-BABF-D1D9683285DD}.AppStore|iPhone.ActiveCfg = AppStore|iPhone
		{0B182395-E355-4D83-BABF-D1D9683285DD}.AppStore|iPhone.Build.0 = AppStore|iPhone
		{0B182395-E355-4D83-BABF-D1D9683285DD}.AppStore|iPhoneSimulator.ActiveCfg = AppStore|iPhone
		{0B182395-E355-4D83-BABF-D1D9683285DD}.Debug|Any CPU.ActiveCfg = Debug|iPhoneSimulator
		{0B182395-E355-4D83-BABF-D1D9683285DD}.Debug|Any CPU.Build.0 = Debug|iPhoneSimulator
		{0B182395-E355-4D83-BABF-D1D9683285DD}.Debug|iPhone.ActiveCfg = Debug|iPhone
		{0B182395-E355-4D83-BABF-D1D9683285DD}.Debug|iPhone.Build.0 = Debug|iPhone
		{0B182395-E355-4D83-BABF-D1D9683285DD}.Debug|iPhoneSimulator.ActiveCfg = Debug|iPhoneSimulator
		{0B182395-E355-4D83-BABF-D1D9683285DD}.Debug|iPhoneSimulator.Build.0 = Debug|iPhoneSimulator
		{0B182395-E355-4D83-BABF-D1D9683285DD}.Release|Any CPU.ActiveCfg = Debug|iPhoneSimulator
		{0B182395-E355-4D83-BABF-D1D9683285DD}.Release|Any CPU.Build.0 = Debug|iPhoneSimulator
		{0B182395-E355-4D83-BABF-D1D9683285DD}.Release|iPhone.ActiveCfg = Release|iPhone
		{0B182395-E355-4D83-BABF-D1D9683285DD}.Release|iPhone.Build.0 = Release|iPhone
		{0B182395-E355-4D83-BABF-D1D9683285DD}.Release|iPhoneSimulator.ActiveCfg = Release|iPhoneSimulator
		{0B182395-E355-4D83-BABF-D1D9683285DD}.Release|iPhoneSimulator.Build.0 = Release|iPhoneSimulator
		{690C9CAF-F991-4AC2-9347-49FF8B0B1F25}.Ad-Hoc|Any CPU.ActiveCfg = Debug|Any CPU
		{690C9CAF-F991-4AC2-9347-49FF8B0B1F25}.Ad-Hoc|Any CPU.Build.0 = Debug|Any CPU
		{690C9CAF-F991-4AC2-9347-49FF8B0B1F25}.Ad-Hoc|iPhone.ActiveCfg = Release|Any CPU
		{690C9CAF-F991-4AC2-9347-49FF8B0B1F25}.Ad-Hoc|iPhone.Build.0 = Release|Any CPU
		{690C9CAF-F991-4AC2-9347-49FF8B0B1F25}.Ad-Hoc|iPhoneSimulator.ActiveCfg = Debug|Any CPU
		{690C9CAF-F991-4AC2-9347-49FF8B0B1F25}.Ad-Hoc|iPhoneSimulator.Build.0 = Debug|Any CPU
		{690C9CAF-F991-4AC2-9347-49FF8B0B1F25}.AppStore|Any CPU.ActiveCfg = Debug|Any CPU
		{690C9CAF-F991-4AC2-9347-49FF8B0B1F25}.AppStore|iPhone.ActiveCfg = Release|Any CPU
		{690C9CAF-F991-4AC2-9347-49FF8B0B1F25}.AppStore|iPhone.Build.0 = Release|Any CPU
		{690C9CAF-F991-4AC2-9347-49FF8B0B1F25}.AppStore|iPhoneSimulator.ActiveCfg = Debug|Any CPU
		{690C9CAF-F991-4AC2-9347-49FF8B0B1F25}.AppStore|iPhoneSimulator.Build.0 = Debug|Any CPU
		{690C9CAF-F991-4AC2-9347-49FF8B0B1F25}.Debug|Any CPU.ActiveCfg = Debug|Any CPU
		{690C9CAF-F991-4AC2-9347-49FF8B0B1F25}.Debug|Any CPU.Build.0 = Debug|Any CPU
		{690C9CAF-F991-4AC2-9347-49FF8B0B1F25}.Debug|iPhone.ActiveCfg = Debug|Any CPU
		{690C9CAF-F991-4AC2-9347-49FF8B0B1F25}.Debug|iPhone.Build.0 = Debug|Any CPU
		{690C9CAF-F991-4AC2-9347-49FF8B0B1F25}.Debug|iPhoneSimulator.ActiveCfg = Debug|Any CPU
		{690C9CAF-F991-4AC2-9347-49FF8B0B1F25}.Debug|iPhoneSimulator.Build.0 = Debug|Any CPU
		{690C9CAF-F991-4AC2-9347-49FF8B0B1F25}.Release|Any CPU.ActiveCfg = Release|Any CPU
		{690C9CAF-F991-4AC2-9347-49FF8B0B1F25}.Release|Any CPU.Build.0 = Release|Any CPU
		{690C9CAF-F991-4AC2-9347-49FF8B0B1F25}.Release|iPhone.ActiveCfg = Release|Any CPU
		{690C9CAF-F991-4AC2-9347-49FF8B0B1F25}.Release|iPhone.Build.0 = Release|Any CPU
		{690C9CAF-F991-4AC2-9347-49FF8B0B1F25}.Release|iPhoneSimulator.ActiveCfg = Release|Any CPU
		{690C9CAF-F991-4AC2-9347-49FF8B0B1F25}.Release|iPhoneSimulator.Build.0 = Release|Any CPU
		{430A1460-E60F-487F-B518-44971F65C61A}.Ad-Hoc|Any CPU.ActiveCfg = Debug|Any CPU
		{430A1460-E60F-487F-B518-44971F65C61A}.Ad-Hoc|iPhone.ActiveCfg = Release|Any CPU
		{430A1460-E60F-487F-B518-44971F65C61A}.Ad-Hoc|iPhone.Build.0 = Release|Any CPU
		{430A1460-E60F-487F-B518-44971F65C61A}.Ad-Hoc|iPhoneSimulator.ActiveCfg = Debug|Any CPU
		{430A1460-E60F-487F-B518-44971F65C61A}.AppStore|Any CPU.ActiveCfg = Debug|Any CPU
		{430A1460-E60F-487F-B518-44971F65C61A}.AppStore|iPhone.ActiveCfg = Release|Any CPU
		{430A1460-E60F-487F-B518-44971F65C61A}.AppStore|iPhone.Build.0 = Release|Any CPU
		{430A1460-E60F-487F-B518-44971F65C61A}.AppStore|iPhoneSimulator.ActiveCfg = Debug|Any CPU
		{430A1460-E60F-487F-B518-44971F65C61A}.Debug|Any CPU.ActiveCfg = Debug|Any CPU
		{430A1460-E60F-487F-B518-44971F65C61A}.Debug|Any CPU.Build.0 = Debug|Any CPU
		{430A1460-E60F-487F-B518-44971F65C61A}.Debug|Any CPU.Deploy.0 = Debug|Any CPU
		{430A1460-E60F-487F-B518-44971F65C61A}.Debug|iPhone.ActiveCfg = Debug|Any CPU
		{430A1460-E60F-487F-B518-44971F65C61A}.Debug|iPhone.Build.0 = Debug|Any CPU
		{430A1460-E60F-487F-B518-44971F65C61A}.Debug|iPhoneSimulator.ActiveCfg = Debug|Any CPU
		{430A1460-E60F-487F-B518-44971F65C61A}.Debug|iPhoneSimulator.Build.0 = Debug|Any CPU
		{430A1460-E60F-487F-B518-44971F65C61A}.Release|Any CPU.ActiveCfg = Release|Any CPU
		{430A1460-E60F-487F-B518-44971F65C61A}.Release|Any CPU.Build.0 = Release|Any CPU
		{430A1460-E60F-487F-B518-44971F65C61A}.Release|iPhone.ActiveCfg = Release|Any CPU
		{430A1460-E60F-487F-B518-44971F65C61A}.Release|iPhone.Build.0 = Release|Any CPU
		{430A1460-E60F-487F-B518-44971F65C61A}.Release|iPhoneSimulator.ActiveCfg = Release|Any CPU
		{430A1460-E60F-487F-B518-44971F65C61A}.Release|iPhoneSimulator.Build.0 = Release|Any CPU
		{ED467B47-8362-41E5-8093-91F2ADE0EDEE}.Ad-Hoc|Any CPU.ActiveCfg = Release|Any CPU
		{ED467B47-8362-41E5-8093-91F2ADE0EDEE}.Ad-Hoc|iPhone.ActiveCfg = Debug|Any CPU
		{ED467B47-8362-41E5-8093-91F2ADE0EDEE}.Ad-Hoc|iPhone.Build.0 = Debug|Any CPU
		{ED467B47-8362-41E5-8093-91F2ADE0EDEE}.Ad-Hoc|iPhoneSimulator.ActiveCfg = Release|Any CPU
		{ED467B47-8362-41E5-8093-91F2ADE0EDEE}.AppStore|Any CPU.ActiveCfg = Release|Any CPU
		{ED467B47-8362-41E5-8093-91F2ADE0EDEE}.AppStore|Any CPU.Build.0 = Release|Any CPU
		{ED467B47-8362-41E5-8093-91F2ADE0EDEE}.AppStore|iPhone.ActiveCfg = Debug|Any CPU
		{ED467B47-8362-41E5-8093-91F2ADE0EDEE}.AppStore|iPhone.Build.0 = Debug|Any CPU
		{ED467B47-8362-41E5-8093-91F2ADE0EDEE}.AppStore|iPhoneSimulator.ActiveCfg = Release|Any CPU
		{ED467B47-8362-41E5-8093-91F2ADE0EDEE}.Debug|Any CPU.ActiveCfg = Debug|Any CPU
		{ED467B47-8362-41E5-8093-91F2ADE0EDEE}.Debug|Any CPU.Build.0 = Debug|Any CPU
		{ED467B47-8362-41E5-8093-91F2ADE0EDEE}.Debug|iPhone.ActiveCfg = Debug|Any CPU
		{ED467B47-8362-41E5-8093-91F2ADE0EDEE}.Debug|iPhone.Build.0 = Debug|Any CPU
		{ED467B47-8362-41E5-8093-91F2ADE0EDEE}.Debug|iPhoneSimulator.ActiveCfg = Debug|Any CPU
		{ED467B47-8362-41E5-8093-91F2ADE0EDEE}.Debug|iPhoneSimulator.Build.0 = Debug|Any CPU
		{ED467B47-8362-41E5-8093-91F2ADE0EDEE}.Release|Any CPU.ActiveCfg = Release|Any CPU
		{ED467B47-8362-41E5-8093-91F2ADE0EDEE}.Release|Any CPU.Build.0 = Release|Any CPU
		{ED467B47-8362-41E5-8093-91F2ADE0EDEE}.Release|iPhone.ActiveCfg = Release|Any CPU
		{ED467B47-8362-41E5-8093-91F2ADE0EDEE}.Release|iPhone.Build.0 = Release|Any CPU
		{ED467B47-8362-41E5-8093-91F2ADE0EDEE}.Release|iPhoneSimulator.ActiveCfg = Release|Any CPU
		{ED467B47-8362-41E5-8093-91F2ADE0EDEE}.Release|iPhoneSimulator.Build.0 = Release|Any CPU
		{4AA0E1C9-21AE-4DF3-9BB3-763E9B3178C3}.Ad-Hoc|Any CPU.ActiveCfg = Release|Any CPU
		{4AA0E1C9-21AE-4DF3-9BB3-763E9B3178C3}.Ad-Hoc|iPhone.ActiveCfg = Debug|Any CPU
		{4AA0E1C9-21AE-4DF3-9BB3-763E9B3178C3}.Ad-Hoc|iPhone.Build.0 = Debug|Any CPU
		{4AA0E1C9-21AE-4DF3-9BB3-763E9B3178C3}.Ad-Hoc|iPhoneSimulator.ActiveCfg = Release|Any CPU
		{4AA0E1C9-21AE-4DF3-9BB3-763E9B3178C3}.AppStore|Any CPU.ActiveCfg = Release|Any CPU
		{4AA0E1C9-21AE-4DF3-9BB3-763E9B3178C3}.AppStore|Any CPU.Build.0 = Release|Any CPU
		{4AA0E1C9-21AE-4DF3-9BB3-763E9B3178C3}.AppStore|iPhone.ActiveCfg = Debug|Any CPU
		{4AA0E1C9-21AE-4DF3-9BB3-763E9B3178C3}.AppStore|iPhone.Build.0 = Debug|Any CPU
		{4AA0E1C9-21AE-4DF3-9BB3-763E9B3178C3}.AppStore|iPhoneSimulator.ActiveCfg = Release|Any CPU
		{4AA0E1C9-21AE-4DF3-9BB3-763E9B3178C3}.Debug|Any CPU.ActiveCfg = Debug|Any CPU
		{4AA0E1C9-21AE-4DF3-9BB3-763E9B3178C3}.Debug|Any CPU.Build.0 = Debug|Any CPU
		{4AA0E1C9-21AE-4DF3-9BB3-763E9B3178C3}.Debug|iPhone.ActiveCfg = Debug|Any CPU
		{4AA0E1C9-21AE-4DF3-9BB3-763E9B3178C3}.Debug|iPhone.Build.0 = Debug|Any CPU
		{4AA0E1C9-21AE-4DF3-9BB3-763E9B3178C3}.Debug|iPhoneSimulator.ActiveCfg = Debug|Any CPU
		{4AA0E1C9-21AE-4DF3-9BB3-763E9B3178C3}.Debug|iPhoneSimulator.Build.0 = Debug|Any CPU
		{4AA0E1C9-21AE-4DF3-9BB3-763E9B3178C3}.Release|Any CPU.ActiveCfg = Release|Any CPU
		{4AA0E1C9-21AE-4DF3-9BB3-763E9B3178C3}.Release|Any CPU.Build.0 = Release|Any CPU
		{4AA0E1C9-21AE-4DF3-9BB3-763E9B3178C3}.Release|iPhone.ActiveCfg = Release|Any CPU
		{4AA0E1C9-21AE-4DF3-9BB3-763E9B3178C3}.Release|iPhone.Build.0 = Release|Any CPU
		{4AA0E1C9-21AE-4DF3-9BB3-763E9B3178C3}.Release|iPhoneSimulator.ActiveCfg = Release|Any CPU
		{4AA0E1C9-21AE-4DF3-9BB3-763E9B3178C3}.Release|iPhoneSimulator.Build.0 = Release|Any CPU
	EndGlobalSection
	GlobalSection(SolutionProperties) = preSolution
		HideSolutionNode = FALSE
	EndGlobalSection
EndGlobal
